// !$*UTF8*$!
{
	archiveVersion = 1;
	classes = {
	};
	objectVersion = 46;
	objects = {

/* Begin PBXBuildFile section */
		1B6056B52848DA1B0069394F /* TCPClientModule.m in Sources */ = {isa = PBXBuildFile; fileRef = 1B6056B42848DA1B0069394F /* TCPClientModule.m */; };
		1B6056B72848DA380069394F /* TCPClientModule.swift in Sources */ = {isa = PBXBuildFile; fileRef = 1B6056B62848DA380069394F /* TCPClientModule.swift */; };
		1B6056B92848DC9B0069394F /* TCPServerModule.swift in Sources */ = {isa = PBXBuildFile; fileRef = 1B6056B82848DC9B0069394F /* TCPServerModule.swift */; };
		1B6056BB2848DCB40069394F /* TCPServerModule.m in Sources */ = {isa = PBXBuildFile; fileRef = 1B6056BA2848DCB40069394F /* TCPServerModule.m */; };
		1B720EEF28853FDF00A3B7CA /* TCPClientEventName.swift in Sources */ = {isa = PBXBuildFile; fileRef = 1B720EEE28853FDF00A3B7CA /* TCPClientEventName.swift */; };
		1B720EF128853FF000A3B7CA /* TCPServerEventName.swift in Sources */ = {isa = PBXBuildFile; fileRef = 1B720EF028853FF000A3B7CA /* TCPServerEventName.swift */; };
		1B720EF62885427D00A3B7CA /* TCPClient.swift in Sources */ = {isa = PBXBuildFile; fileRef = 1B720EF22885427D00A3B7CA /* TCPClient.swift */; };
		1B720EF72885427D00A3B7CA /* TCPClientConnection.swift in Sources */ = {isa = PBXBuildFile; fileRef = 1B720EF32885427D00A3B7CA /* TCPClientConnection.swift */; };
		1B720EF82885427D00A3B7CA /* TCPServer.swift in Sources */ = {isa = PBXBuildFile; fileRef = 1B720EF42885427D00A3B7CA /* TCPServer.swift */; };
		1B720EF92885427D00A3B7CA /* TCPServerConnection.swift in Sources */ = {isa = PBXBuildFile; fileRef = 1B720EF52885427D00A3B7CA /* TCPServerConnection.swift */; };
		1B720EFC2885483B00A3B7CA /* JSEvent.swift in Sources */ = {isa = PBXBuildFile; fileRef = 1B720EFB2885483B00A3B7CA /* JSEvent.swift */; };
		1B720EFE28854BC400A3B7CA /* EventEmitterFacade.swift in Sources */ = {isa = PBXBuildFile; fileRef = 1B720EFD28854BC400A3B7CA /* EventEmitterFacade.swift */; };
/* End PBXBuildFile section */

/* Begin PBXCopyFilesBuildPhase section */
		58B511D91A9E6C8500147676 /* CopyFiles */ = {
			isa = PBXCopyFilesBuildPhase;
			buildActionMask = 2147483647;
			dstPath = "include/$(PRODUCT_NAME)";
			dstSubfolderSpec = 16;
			files = (
			);
			runOnlyForDeploymentPostprocessing = 0;
		};
/* End PBXCopyFilesBuildPhase section */

/* Begin PBXFileReference section */
		134814201AA4EA6300B7C361 /* libLocalServer.a */ = {isa = PBXFileReference; explicitFileType = archive.ar; includeInIndex = 0; path = libLocalServer.a; sourceTree = BUILT_PRODUCTS_DIR; };
		1B6056B42848DA1B0069394F /* TCPClientModule.m */ = {isa = PBXFileReference; lastKnownFileType = sourcecode.c.objc; path = TCPClientModule.m; sourceTree = "<group>"; };
		1B6056B62848DA380069394F /* TCPClientModule.swift */ = {isa = PBXFileReference; lastKnownFileType = sourcecode.swift; path = TCPClientModule.swift; sourceTree = "<group>"; };
		1B6056B82848DC9B0069394F /* TCPServerModule.swift */ = {isa = PBXFileReference; lastKnownFileType = sourcecode.swift; path = TCPServerModule.swift; sourceTree = "<group>"; };
		1B6056BA2848DCB40069394F /* TCPServerModule.m */ = {isa = PBXFileReference; lastKnownFileType = sourcecode.c.objc; path = TCPServerModule.m; sourceTree = "<group>"; };
		1B720EEE28853FDF00A3B7CA /* TCPClientEventName.swift */ = {isa = PBXFileReference; lastKnownFileType = sourcecode.swift; path = TCPClientEventName.swift; sourceTree = "<group>"; };
		1B720EF028853FF000A3B7CA /* TCPServerEventName.swift */ = {isa = PBXFileReference; lastKnownFileType = sourcecode.swift; path = TCPServerEventName.swift; sourceTree = "<group>"; };
		1B720EF22885427D00A3B7CA /* TCPClient.swift */ = {isa = PBXFileReference; fileEncoding = 4; lastKnownFileType = sourcecode.swift; path = TCPClient.swift; sourceTree = "<group>"; };
		1B720EF32885427D00A3B7CA /* TCPClientConnection.swift */ = {isa = PBXFileReference; fileEncoding = 4; lastKnownFileType = sourcecode.swift; path = TCPClientConnection.swift; sourceTree = "<group>"; };
		1B720EF42885427D00A3B7CA /* TCPServer.swift */ = {isa = PBXFileReference; fileEncoding = 4; lastKnownFileType = sourcecode.swift; path = TCPServer.swift; sourceTree = "<group>"; };
		1B720EF52885427D00A3B7CA /* TCPServerConnection.swift */ = {isa = PBXFileReference; fileEncoding = 4; lastKnownFileType = sourcecode.swift; path = TCPServerConnection.swift; sourceTree = "<group>"; };
		1B720EFB2885483B00A3B7CA /* JSEvent.swift */ = {isa = PBXFileReference; lastKnownFileType = sourcecode.swift; path = JSEvent.swift; sourceTree = "<group>"; };
		1B720EFD28854BC400A3B7CA /* EventEmitterFacade.swift */ = {isa = PBXFileReference; lastKnownFileType = sourcecode.swift; path = EventEmitterFacade.swift; sourceTree = "<group>"; };
		F4FF95D5245B92E700C19C63 /* LocalServer-Bridging-Header.h */ = {isa = PBXFileReference; lastKnownFileType = sourcecode.c.h; path = "LocalServer-Bridging-Header.h"; sourceTree = "<group>"; };
/* End PBXFileReference section */

/* Begin PBXFrameworksBuildPhase section */
		58B511D81A9E6C8500147676 /* Frameworks */ = {
			isa = PBXFrameworksBuildPhase;
			buildActionMask = 2147483647;
			files = (
			);
			runOnlyForDeploymentPostprocessing = 0;
		};
/* End PBXFrameworksBuildPhase section */

/* Begin PBXGroup section */
		134814211AA4EA7D00B7C361 /* Products */ = {
			isa = PBXGroup;
			children = (
				134814201AA4EA6300B7C361 /* libLocalServer.a */,
			);
			name = Products;
			sourceTree = "<group>";
		};
		1B6056BC2848DCCA0069394F /* TCP */ = {
			isa = PBXGroup;
			children = (
				1B720EF22885427D00A3B7CA /* TCPClient.swift */,
				1B720EF32885427D00A3B7CA /* TCPClientConnection.swift */,
				1B720EF42885427D00A3B7CA /* TCPServer.swift */,
				1B720EF52885427D00A3B7CA /* TCPServerConnection.swift */,
				1B720EEE28853FDF00A3B7CA /* TCPClientEventName.swift */,
				1B720EF028853FF000A3B7CA /* TCPServerEventName.swift */,
			);
			path = TCP;
			sourceTree = "<group>";
		};
		1B720EFA2885482200A3B7CA /* Utils */ = {
			isa = PBXGroup;
			children = (
				1B720EFB2885483B00A3B7CA /* JSEvent.swift */,
				1B720EFD28854BC400A3B7CA /* EventEmitterFacade.swift */,
			);
			path = Utils;
			sourceTree = "<group>";
		};
		58B511D21A9E6C8500147676 = {
			isa = PBXGroup;
			children = (
				1B720EFA2885482200A3B7CA /* Utils */,
				1B6056BC2848DCCA0069394F /* TCP */,
				1B6056B82848DC9B0069394F /* TCPServerModule.swift */,
				1B6056BA2848DCB40069394F /* TCPServerModule.m */,
				1B6056B62848DA380069394F /* TCPClientModule.swift */,
				1B6056B42848DA1B0069394F /* TCPClientModule.m */,
				F4FF95D5245B92E700C19C63 /* LocalServer-Bridging-Header.h */,
				134814211AA4EA7D00B7C361 /* Products */,
			);
			sourceTree = "<group>";
		};
/* End PBXGroup section */

/* Begin PBXNativeTarget section */
		58B511DA1A9E6C8500147676 /* LocalServer */ = {
			isa = PBXNativeTarget;
			buildConfigurationList = 58B511EF1A9E6C8500147676 /* Build configuration list for PBXNativeTarget "LocalServer" */;
			buildPhases = (
				58B511D71A9E6C8500147676 /* Sources */,
				58B511D81A9E6C8500147676 /* Frameworks */,
				58B511D91A9E6C8500147676 /* CopyFiles */,
			);
			buildRules = (
			);
			dependencies = (
			);
			name = LocalServer;
			productName = RCTDataManager;
			productReference = 134814201AA4EA6300B7C361 /* libLocalServer.a */;
			productType = "com.apple.product-type.library.static";
		};
/* End PBXNativeTarget section */

/* Begin PBXProject section */
		58B511D31A9E6C8500147676 /* Project object */ = {
			isa = PBXProject;
			attributes = {
				LastUpgradeCheck = 0920;
				ORGANIZATIONNAME = "Figure, Inc.";
				TargetAttributes = {
					58B511DA1A9E6C8500147676 = {
						CreatedOnToolsVersion = 6.1.1;
					};
				};
			};
			buildConfigurationList = 58B511D61A9E6C8500147676 /* Build configuration list for PBXProject "LocalServer" */;
			compatibilityVersion = "Xcode 3.2";
			developmentRegion = English;
			hasScannedForEncodings = 0;
			knownRegions = (
				English,
				en,
			);
			mainGroup = 58B511D21A9E6C8500147676;
			productRefGroup = 58B511D21A9E6C8500147676;
			projectDirPath = "";
			projectRoot = "";
			targets = (
				58B511DA1A9E6C8500147676 /* LocalServer */,
			);
		};
/* End PBXProject section */

/* Begin PBXSourcesBuildPhase section */
		58B511D71A9E6C8500147676 /* Sources */ = {
			isa = PBXSourcesBuildPhase;
			buildActionMask = 2147483647;
			files = (
				1B720EF82885427D00A3B7CA /* TCPServer.swift in Sources */,
				1B6056B52848DA1B0069394F /* TCPClientModule.m in Sources */,
				1B720EF62885427D00A3B7CA /* TCPClient.swift in Sources */,
				1B720EF92885427D00A3B7CA /* TCPServerConnection.swift in Sources */,
				1B720EF72885427D00A3B7CA /* TCPClientConnection.swift in Sources */,
				1B720EEF28853FDF00A3B7CA /* TCPClientEventName.swift in Sources */,
				1B720EFC2885483B00A3B7CA /* JSEvent.swift in Sources */,
				1B720EFE28854BC400A3B7CA /* EventEmitterFacade.swift in Sources */,
				1B720EF128853FF000A3B7CA /* TCPServerEventName.swift in Sources */,
				1B6056BB2848DCB40069394F /* TCPServerModule.m in Sources */,
				1B6056B92848DC9B0069394F /* TCPServerModule.swift in Sources */,
				1B6056B72848DA380069394F /* TCPClientModule.swift in Sources */,
			);
			runOnlyForDeploymentPostprocessing = 0;
		};
/* End PBXSourcesBuildPhase section */

/* Begin XCBuildConfiguration section */
		58B511ED1A9E6C8500147676 /* Debug */ = {
			isa = XCBuildConfiguration;
			buildSettings = {
				ALWAYS_SEARCH_USER_PATHS = NO;
				CLANG_CXX_LANGUAGE_STANDARD = "gnu++0x";
				CLANG_CXX_LIBRARY = "libc++";
				CLANG_ENABLE_MODULES = YES;
				CLANG_ENABLE_OBJC_ARC = YES;
				CLANG_WARN_BLOCK_CAPTURE_AUTORELEASING = YES;
				CLANG_WARN_BOOL_CONVERSION = YES;
				CLANG_WARN_COMMA = YES;
				CLANG_WARN_CONSTANT_CONVERSION = YES;
				CLANG_WARN_DIRECT_OBJC_ISA_USAGE = YES_ERROR;
				CLANG_WARN_EMPTY_BODY = YES;
				CLANG_WARN_ENUM_CONVERSION = YES;
				CLANG_WARN_INFINITE_RECURSION = YES;
				CLANG_WARN_INT_CONVERSION = YES;
				CLANG_WARN_NON_LITERAL_NULL_CONVERSION = YES;
				CLANG_WARN_OBJC_LITERAL_CONVERSION = YES;
				CLANG_WARN_OBJC_ROOT_CLASS = YES_ERROR;
				CLANG_WARN_RANGE_LOOP_ANALYSIS = YES;
				CLANG_WARN_STRICT_PROTOTYPES = YES;
				CLANG_WARN_SUSPICIOUS_MOVE = YES;
				CLANG_WARN_UNREACHABLE_CODE = YES;
				CLANG_WARN__DUPLICATE_METHOD_MATCH = YES;
				COPY_PHASE_STRIP = NO;
				ENABLE_STRICT_OBJC_MSGSEND = YES;
				ENABLE_TESTABILITY = YES;
				GCC_C_LANGUAGE_STANDARD = gnu99;
				GCC_DYNAMIC_NO_PIC = NO;
				GCC_NO_COMMON_BLOCKS = YES;
				GCC_OPTIMIZATION_LEVEL = 0;
				GCC_PREPROCESSOR_DEFINITIONS = (
					"DEBUG=1",
					"$(inherited)",
				);
				GCC_SYMBOLS_PRIVATE_EXTERN = NO;
				GCC_WARN_64_TO_32_BIT_CONVERSION = YES;
				GCC_WARN_ABOUT_RETURN_TYPE = YES_ERROR;
				GCC_WARN_UNDECLARED_SELECTOR = YES;
				GCC_WARN_UNINITIALIZED_AUTOS = YES_AGGRESSIVE;
				GCC_WARN_UNUSED_FUNCTION = YES;
				GCC_WARN_UNUSED_VARIABLE = YES;
				IPHONEOS_DEPLOYMENT_TARGET = 8.0;
				MTL_ENABLE_DEBUG_INFO = YES;
				ONLY_ACTIVE_ARCH = YES;
				SDKROOT = iphoneos;
			};
			name = Debug;
		};
		58B511EE1A9E6C8500147676 /* Release */ = {
			isa = XCBuildConfiguration;
			buildSettings = {
				ALWAYS_SEARCH_USER_PATHS = NO;
				CLANG_CXX_LANGUAGE_STANDARD = "gnu++0x";
				CLANG_CXX_LIBRARY = "libc++";
				CLANG_ENABLE_MODULES = YES;
				CLANG_ENABLE_OBJC_ARC = YES;
				CLANG_WARN_BLOCK_CAPTURE_AUTORELEASING = YES;
				CLANG_WARN_BOOL_CONVERSION = YES;
				CLANG_WARN_COMMA = YES;
				CLANG_WARN_CONSTANT_CONVERSION = YES;
				CLANG_WARN_DIRECT_OBJC_ISA_USAGE = YES_ERROR;
				CLANG_WARN_EMPTY_BODY = YES;
				CLANG_WARN_ENUM_CONVERSION = YES;
				CLANG_WARN_INFINITE_RECURSION = YES;
				CLANG_WARN_INT_CONVERSION = YES;
				CLANG_WARN_NON_LITERAL_NULL_CONVERSION = YES;
				CLANG_WARN_OBJC_LITERAL_CONVERSION = YES;
				CLANG_WARN_OBJC_ROOT_CLASS = YES_ERROR;
				CLANG_WARN_RANGE_LOOP_ANALYSIS = YES;
				CLANG_WARN_STRICT_PROTOTYPES = YES;
				CLANG_WARN_SUSPICIOUS_MOVE = YES;
				CLANG_WARN_UNREACHABLE_CODE = YES;
				CLANG_WARN__DUPLICATE_METHOD_MATCH = YES;
				COPY_PHASE_STRIP = YES;
				ENABLE_NS_ASSERTIONS = NO;
				ENABLE_STRICT_OBJC_MSGSEND = YES;
				GCC_C_LANGUAGE_STANDARD = gnu99;
				GCC_NO_COMMON_BLOCKS = YES;
				GCC_WARN_64_TO_32_BIT_CONVERSION = YES;
				GCC_WARN_ABOUT_RETURN_TYPE = YES_ERROR;
				GCC_WARN_UNDECLARED_SELECTOR = YES;
				GCC_WARN_UNINITIALIZED_AUTOS = YES_AGGRESSIVE;
				GCC_WARN_UNUSED_FUNCTION = YES;
				GCC_WARN_UNUSED_VARIABLE = YES;
				IPHONEOS_DEPLOYMENT_TARGET = 8.0;
				MTL_ENABLE_DEBUG_INFO = NO;
				SDKROOT = iphoneos;
				VALIDATE_PRODUCT = YES;
			};
			name = Release;
		};
		58B511F01A9E6C8500147676 /* Debug */ = {
			isa = XCBuildConfiguration;
			buildSettings = {
				HEADER_SEARCH_PATHS = (
					"$(inherited)",
					/Applications/Xcode.app/Contents/Developer/Toolchains/XcodeDefault.xctoolchain/usr/include,
					"$(SRCROOT)/../../../React/**",
					"$(SRCROOT)/../../react-native/React/**",
				);
				LIBRARY_SEARCH_PATHS = "$(inherited)";
				OTHER_LDFLAGS = "-ObjC";
				PRODUCT_NAME = LocalServer;
				SKIP_INSTALL = YES;
				SWIFT_OBJC_BRIDGING_HEADER = "LocalServer-Bridging-Header.h";
				SWIFT_OPTIMIZATION_LEVEL = "-Onone";
				SWIFT_VERSION = 5.0;
			};
			name = Debug;
		};
		58B511F11A9E6C8500147676 /* Release */ = {
			isa = XCBuildConfiguration;
			buildSettings = {
				HEADER_SEARCH_PATHS = (
					"$(inherited)",
					/Applications/Xcode.app/Contents/Developer/Toolchains/XcodeDefault.xctoolchain/usr/include,
					"$(SRCROOT)/../../../React/**",
					"$(SRCROOT)/../../react-native/React/**",
				);
				LIBRARY_SEARCH_PATHS = "$(inherited)";
				OTHER_LDFLAGS = "-ObjC";
				PRODUCT_NAME = LocalServer;
				SKIP_INSTALL = YES;
				SWIFT_OBJC_BRIDGING_HEADER = "LocalServer-Bridging-Header.h";
				SWIFT_VERSION = 5.0;
			};
			name = Release;
		};
/* End XCBuildConfiguration section */

/* Begin XCConfigurationList section */
		58B511D61A9E6C8500147676 /* Build configuration list for PBXProject "LocalServer" */ = {
			isa = XCConfigurationList;
			buildConfigurations = (
				58B511ED1A9E6C8500147676 /* Debug */,
				58B511EE1A9E6C8500147676 /* Release */,
			);
			defaultConfigurationIsVisible = 0;
			defaultConfigurationName = Release;
		};
		58B511EF1A9E6C8500147676 /* Build configuration list for PBXNativeTarget "LocalServer" */ = {
			isa = XCConfigurationList;
			buildConfigurations = (
				58B511F01A9E6C8500147676 /* Debug */,
				58B511F11A9E6C8500147676 /* Release */,
			);
			defaultConfigurationIsVisible = 0;
			defaultConfigurationName = Release;
		};
/* End XCConfigurationList section */
	};
	rootObject = 58B511D31A9E6C8500147676 /* Project object */;
}
